
Microsoft Visual Studio Solution File, Format Version 12.00
# Visual Studio Version 17
VisualStudioVersion = 17.5.002.0
MinimumVisualStudioVersion = 10.0.40219.1
Project("{9A19103F-16F7-4668-BE54-9A1E7A4F7556}") = "MeetingApp", "MeetingApp.csproj", "{38E68494-C775-4A3F-B368-9926681311BC}"
EndProject
Global
	GlobalSection(SolutionConfigurationPlatforms) = preSolution
		Debug|Any CPU = Debug|Any CPU
		Release|Any CPU = Release|Any CPU
	EndGlobalSection
	GlobalSection(ProjectConfigurationPlatforms) = postSolution
		{38E68494-C775-4A3F-B368-9926681311BC}.Debug|Any CPU.ActiveCfg = Debug|Any CPU
		{38E68494-C775-4A3F-B368-9926681311BC}.Debug|Any CPU.Build.0 = Debug|Any CPU
		{38E68494-C775-4A3F-B368-9926681311BC}.Release|Any CPU.ActiveCfg = Release|Any CPU
		{38E68494-C775-4A3F-B368-9926681311BC}.Release|Any CPU.Build.0 = Release|Any CPU
	EndGlobalSection
	GlobalSection(SolutionProperties) = preSolution
		HideSolutionNode = FALSE
	EndGlobalSection
	GlobalSection(ExtensibilityGlobals) = postSolution
		SolutionGuid = {60E72C6A-4786-42F8-9930-9C36E6C6D810}
	EndGlobalSection
EndGlobal
